lockfileVersion: '6.0'

settings:
  autoInstallPeers: true
  excludeLinksFromLockfile: false

dependencies:
  '@iconify/json':
    specifier: ^2.2.197
    version: 2.2.197

packages:

  /@iconify/json@2.2.197:
    resolution: {integrity: sha512-THpL6FPTaYhXRkCSCVAxR1J/tpicJH/2nHeGh1L25Dd9EJJURemPfqsY05cbasLH0a16RF9UZhksx0QKg8msZw==}
    dependencies:
      '@iconify/types': 2.0.0
      pathe: 1.1.2
    dev: false

  /@iconify/types@2.0.0:
    resolution: {integrity: sha512-+wluvCrRhXrhyOmRDJ3q8mux9JkKy5SJ/v8ol2tu4FVjyYvtEzkc/3pK15ET6RKg4b4w4BmTk1+gsCUhf21Ykg==}
    dev: false

  /pathe@1.1.2:
    resolution: {integrity: sha512-whLdWMYL2TwI08hn8/ZqAbrVemu0LNaNNJZX73O6qaIdCTfXutsLhMkjdENX0qhsQ9uIimo4/aQOmXkoon2nDQ==}
    dev: false
